
Microsoft Visual Studio Solution File, Format Version 12.00
# Visual Studio Version 16
VisualStudioVersion = 16.0.28922.388
MinimumVisualStudioVersion = 10.0.40219.1
Project("{FAE04EC0-301F-11D3-BF4B-00C04F79EFBC}") = "Order", "Order\Order.csproj", "{15E47991-41E5-43B4-8C96-52118A409D40}"
EndProject
Global
	GlobalSection(SolutionConfigurationPlatforms) = preSolution
		Debug|Any CPU = Debug|Any CPU
		Release|Any CPU = Release|Any CPU
	EndGlobalSection
	GlobalSection(ProjectConfigurationPlatforms) = postSolution
		{15E47991-41E5-43B4-8C96-52118A409D40}.Debug|Any CPU.ActiveCfg = Debug|Any CPU
		{15E47991-41E5-43B4-8C96-52118A409D40}.Debug|Any CPU.Build.0 = Debug|Any CPU
		{15E47991-41E5-43B4-8C96-52118A409D40}.Release|Any CPU.ActiveCfg = Release|Any CPU
		{15E47991-41E5-43B4-8C96-52118A409D40}.Release|Any CPU.Build.0 = Release|Any CPU
	EndGlobalSection
	GlobalSection(SolutionProperties) = preSolution
		HideSolutionNode = FALSE
	EndGlobalSection
	GlobalSection(ExtensibilityGlobals) = postSolution
		SolutionGuid = {09F14BFE-1EFD-4BBF-A458-5F4B3A22C5CB}
	EndGlobalSection
EndGlobal
